
Microsoft Visual Studio Solution File, Format Version 12.00
# Visual Studio Version 17
VisualStudioVersion = 17.11.35327.3
MinimumVisualStudioVersion = 10.0.40219.1
Project("{9A19103F-16F7-4668-BE54-9A1E7A4F7556}") = "OpenIdConnectServerMock", "OpenIdConnectServerMock.csproj", "{4881C77B-0575-452A-8516-DE8DAA15E690}"
EndProject
Global
	GlobalSection(SolutionConfigurationPlatforms) = preSolution
		Debug|Any CPU = Debug|Any CPU
		Release|Any CPU = Release|Any CPU
	EndGlobalSection
	GlobalSection(ProjectConfigurationPlatforms) = postSolution
		{4881C77B-0575-452A-8516-DE8DAA15E690}.Debug|Any CPU.ActiveCfg = Debug|Any CPU
		{4881C77B-0575-452A-8516-DE8DAA15E690}.Debug|Any CPU.Build.0 = Debug|Any CPU
		{4881C77B-0575-452A-8516-DE8DAA15E690}.Release|Any CPU.ActiveCfg = Release|Any CPU
		{4881C77B-0575-452A-8516-DE8DAA15E690}.Release|Any CPU.Build.0 = Release|Any CPU
	EndGlobalSection
	GlobalSection(SolutionProperties) = preSolution
		HideSolutionNode = FALSE
	EndGlobalSection
	GlobalSection(ExtensibilityGlobals) = postSolution
		SolutionGuid = {937CE934-526A-4D85-B772-32AFF4A371B5}
	EndGlobalSection
EndGlobal
